// !$*UTF8*$!
{
	archiveVersion = 1;
	classes = {
	};
	objectVersion = 48;
	objects = {

/* Begin PBXBuildFile section */
		92151F8C2054836A00A2B153 /* MapKit.framework in Frameworks */ = {isa = PBXBuildFile; fileRef = 92151F8B2054836A00A2B153 /* MapKit.framework */; };
		92151F8E20550DA400A2B153 /* QuestionsViewController.swift in Sources */ = {isa = PBXBuildFile; fileRef = 92151F8D20550DA400A2B153 /* QuestionsViewController.swift */; };
		92151F902055195100A2B153 /* LottieAnimationViewController.swift in Sources */ = {isa = PBXBuildFile; fileRef = 92151F8F2055195100A2B153 /* LottieAnimationViewController.swift */; };
		924F847D205465A30076436C /* AppDelegate.swift in Sources */ = {isa = PBXBuildFile; fileRef = 924F847C205465A30076436C /* AppDelegate.swift */; };
		924F847F205465A30076436C /* MapViewController.swift in Sources */ = {isa = PBXBuildFile; fileRef = 924F847E205465A30076436C /* MapViewController.swift */; };
		924F8482205465A30076436C /* Main.storyboard in Resources */ = {isa = PBXBuildFile; fileRef = 924F8480205465A30076436C /* Main.storyboard */; };
		924F8484205465A30076436C /* Assets.xcassets in Resources */ = {isa = PBXBuildFile; fileRef = 924F8483205465A30076436C /* Assets.xcassets */; };
		924F8487205465A30076436C /* LaunchScreen.storyboard in Resources */ = {isa = PBXBuildFile; fileRef = 924F8485205465A30076436C /* LaunchScreen.storyboard */; };
		924F849120546DB10076436C /* StartViewController.swift in Sources */ = {isa = PBXBuildFile; fileRef = 924F849020546DB10076436C /* StartViewController.swift */; };
		9FA1FB9AEC6CABF705909F07 /* Pods_Flatico.framework in Frameworks */ = {isa = PBXBuildFile; fileRef = AADBD3FF23469352F0DF5AFA /* Pods_Flatico.framework */; };
/* End PBXBuildFile section */

/* Begin PBXFileReference section */
		86F265346E6B9EB7F86BCE9C /* Pods-Flatico.debug.xcconfig */ = {isa = PBXFileReference; includeInIndex = 1; lastKnownFileType = text.xcconfig; name = "Pods-Flatico.debug.xcconfig"; path = "Pods/Target Support Files/Pods-Flatico/Pods-Flatico.debug.xcconfig"; sourceTree = "<group>"; };
		92151F8B2054836A00A2B153 /* MapKit.framework */ = {isa = PBXFileReference; lastKnownFileType = wrapper.framework; name = MapKit.framework; path = System/Library/Frameworks/MapKit.framework; sourceTree = SDKROOT; };
		92151F8D20550DA400A2B153 /* QuestionsViewController.swift */ = {isa = PBXFileReference; lastKnownFileType = sourcecode.swift; path = QuestionsViewController.swift; sourceTree = "<group>"; };
		92151F8F2055195100A2B153 /* LottieAnimationViewController.swift */ = {isa = PBXFileReference; lastKnownFileType = sourcecode.swift; path = LottieAnimationViewController.swift; sourceTree = "<group>"; };
		924F8479205465A30076436C /* Flatico.app */ = {isa = PBXFileReference; explicitFileType = wrapper.application; includeInIndex = 0; path = Flatico.app; sourceTree = BUILT_PRODUCTS_DIR; };
		924F847C205465A30076436C /* AppDelegate.swift */ = {isa = PBXFileReference; lastKnownFileType = sourcecode.swift; path = AppDelegate.swift; sourceTree = "<group>"; };
		924F847E205465A30076436C /* MapViewController.swift */ = {isa = PBXFileReference; lastKnownFileType = sourcecode.swift; path = MapViewController.swift; sourceTree = "<group>"; };
		924F8481205465A30076436C /* Base */ = {isa = PBXFileReference; lastKnownFileType = file.storyboard; name = Base; path = Base.lproj/Main.storyboard; sourceTree = "<group>"; };
		924F8483205465A30076436C /* Assets.xcassets */ = {isa = PBXFileReference; lastKnownFileType = folder.assetcatalog; path = Assets.xcassets; sourceTree = "<group>"; };
		924F8486205465A30076436C /* Base */ = {isa = PBXFileReference; lastKnownFileType = file.storyboard; name = Base; path = Base.lproj/LaunchScreen.storyboard; sourceTree = "<group>"; };
		924F8488205465A30076436C /* Info.plist */ = {isa = PBXFileReference; lastKnownFileType = text.plist.xml; path = Info.plist; sourceTree = "<group>"; };
		924F849020546DB10076436C /* StartViewController.swift */ = {isa = PBXFileReference; lastKnownFileType = sourcecode.swift; path = StartViewController.swift; sourceTree = "<group>"; };
		AADBD3FF23469352F0DF5AFA /* Pods_Flatico.framework */ = {isa = PBXFileReference; explicitFileType = wrapper.framework; includeInIndex = 0; path = Pods_Flatico.framework; sourceTree = BUILT_PRODUCTS_DIR; };
		E0EEB30C0A31A7D0E52894F7 /* Pods-Flatico.release.xcconfig */ = {isa = PBXFileReference; includeInIndex = 1; lastKnownFileType = text.xcconfig; name = "Pods-Flatico.release.xcconfig"; path = "Pods/Target Support Files/Pods-Flatico/Pods-Flatico.release.xcconfig"; sourceTree = "<group>"; };
/* End PBXFileReference section */

/* Begin PBXFrameworksBuildPhase section */
		924F8476205465A30076436C /* Frameworks */ = {
			isa = PBXFrameworksBuildPhase;
			buildActionMask = 2147483647;
			files = (
				92151F8C2054836A00A2B153 /* MapKit.framework in Frameworks */,
				9FA1FB9AEC6CABF705909F07 /* Pods_Flatico.framework in Frameworks */,
			);
			runOnlyForDeploymentPostprocessing = 0;
		};
/* End PBXFrameworksBuildPhase section */

/* Begin PBXGroup section */
		81FB6703F7B7F8534520716C /* Pods */ = {
			isa = PBXGroup;
			children = (
				86F265346E6B9EB7F86BCE9C /* Pods-Flatico.debug.xcconfig */,
				E0EEB30C0A31A7D0E52894F7 /* Pods-Flatico.release.xcconfig */,
			);
			name = Pods;
			sourceTree = "<group>";
		};
		8DEE9B57C50F00E58089C14E /* Frameworks */ = {
			isa = PBXGroup;
			children = (
				92151F8B2054836A00A2B153 /* MapKit.framework */,
				AADBD3FF23469352F0DF5AFA /* Pods_Flatico.framework */,
			);
			name = Frameworks;
			sourceTree = "<group>";
		};
		924F8470205465A30076436C = {
			isa = PBXGroup;
			children = (
				924F847B205465A30076436C /* Flatico */,
				924F847A205465A30076436C /* Products */,
				81FB6703F7B7F8534520716C /* Pods */,
				8DEE9B57C50F00E58089C14E /* Frameworks */,
			);
			sourceTree = "<group>";
		};
		924F847A205465A30076436C /* Products */ = {
			isa = PBXGroup;
			children = (
				924F8479205465A30076436C /* Flatico.app */,
			);
			name = Products;
			sourceTree = "<group>";
		};
		924F847B205465A30076436C /* Flatico */ = {
			isa = PBXGroup;
			children = (
				924F847C205465A30076436C /* AppDelegate.swift */,
				924F849020546DB10076436C /* StartViewController.swift */,
				924F847E205465A30076436C /* MapViewController.swift */,
				92151F8D20550DA400A2B153 /* QuestionsViewController.swift */,
				92151F8F2055195100A2B153 /* LottieAnimationViewController.swift */,
				924F8480205465A30076436C /* Main.storyboard */,
				924F8483205465A30076436C /* Assets.xcassets */,
				924F8485205465A30076436C /* LaunchScreen.storyboard */,
				924F8488205465A30076436C /* Info.plist */,
			);
			path = Flatico;
			sourceTree = "<group>";
		};
/* End PBXGroup section */

/* Begin PBXNativeTarget section */
		924F8478205465A30076436C /* Flatico */ = {
			isa = PBXNativeTarget;
			buildConfigurationList = 924F848B205465A30076436C /* Build configuration list for PBXNativeTarget "Flatico" */;
			buildPhases = (
				82EA3A499CB67999B8292565 /* [CP] Check Pods Manifest.lock */,
				924F8475205465A30076436C /* Sources */,
				924F8476205465A30076436C /* Frameworks */,
				924F8477205465A30076436C /* Resources */,
				C18E860AC5677B5BA5D7D7E7 /* [CP] Embed Pods Frameworks */,
				99597896EF4E121D9FD7AFCA /* [CP] Copy Pods Resources */,
			);
			buildRules = (
			);
			dependencies = (
			);
			name = Flatico;
			productName = Flatico;
			productReference = 924F8479205465A30076436C /* Flatico.app */;
			productType = "com.apple.product-type.application";
		};
/* End PBXNativeTarget section */

/* Begin PBXProject section */
		924F8471205465A30076436C /* Project object */ = {
			isa = PBXProject;
			attributes = {
				LastSwiftUpdateCheck = 0920;
				LastUpgradeCheck = 0920;
				ORGANIZATIONNAME = "Anthony Marchenko";
				TargetAttributes = {
					924F8478205465A30076436C = {
						CreatedOnToolsVersion = 9.2;
						ProvisioningStyle = Automatic;
						SystemCapabilities = {
							com.apple.Maps.iOS = {
								enabled = 1;
							};
						};
					};
				};
			};
			buildConfigurationList = 924F8474205465A30076436C /* Build configuration list for PBXProject "Flatico" */;
			compatibilityVersion = "Xcode 8.0";
			developmentRegion = en;
			hasScannedForEncodings = 0;
			knownRegions = (
				en,
				Base,
			);
			mainGroup = 924F8470205465A30076436C;
			productRefGroup = 924F847A205465A30076436C /* Products */;
			projectDirPath = "";
			projectRoot = "";
			targets = (
				924F8478205465A30076436C /* Flatico */,
			);
		};
/* End PBXProject section */

/* Begin PBXResourcesBuildPhase section */
		924F8477205465A30076436C /* Resources */ = {
			isa = PBXResourcesBuildPhase;
			buildActionMask = 2147483647;
			files = (
				924F8487205465A30076436C /* LaunchScreen.storyboard in Resources */,
				924F8484205465A30076436C /* Assets.xcassets in Resources */,
				924F8482205465A30076436C /* Main.storyboard in Resources */,
			);
			runOnlyForDeploymentPostprocessing = 0;
		};
/* End PBXResourcesBuildPhase section */

/* Begin PBXShellScriptBuildPhase section */
		82EA3A499CB67999B8292565 /* [CP] Check Pods Manifest.lock */ = {
			isa = PBXShellScriptBuildPhase;
			buildActionMask = 2147483647;
			files = (
			);
			inputPaths = (
				"${PODS_PODFILE_DIR_PATH}/Podfile.lock",
				"${PODS_ROOT}/Manifest.lock",
			);
			name = "[CP] Check Pods Manifest.lock";
			outputPaths = (
				"$(DERIVED_FILE_DIR)/Pods-Flatico-checkManifestLockResult.txt",
			);
			runOnlyForDeploymentPostprocessing = 0;
			shellPath = /bin/sh;
			shellScript = "diff \"${PODS_PODFILE_DIR_PATH}/Podfile.lock\" \"${PODS_ROOT}/Manifest.lock\" > /dev/null\nif [ $? != 0 ] ; then\n    # print error to STDERR\n    echo \"error: The sandbox is not in sync with the Podfile.lock. Run 'pod install' or update your CocoaPods installation.\" >&2\n    exit 1\nfi\n# This output is used by Xcode 'outputs' to avoid re-running this script phase.\necho \"SUCCESS\" > \"${SCRIPT_OUTPUT_FILE_0}\"\n";
			showEnvVarsInLog = 0;
		};
		99597896EF4E121D9FD7AFCA /* [CP] Copy Pods Resources */ = {
			isa = PBXShellScriptBuildPhase;
			buildActionMask = 2147483647;
			files = (
			);
			inputPaths = (
				"${SRCROOT}/Pods/Target Support Files/Pods-Flatico/Pods-Flatico-resources.sh",
				"${PODS_ROOT}/GoogleMaps/Maps/Frameworks/GoogleMaps.framework/Resources/GoogleMaps.bundle",
				"${PODS_ROOT}/GooglePlaces/Frameworks/GooglePlaces.framework/Resources/GooglePlaces.bundle",
			);
			name = "[CP] Copy Pods Resources";
			outputPaths = (
				"${TARGET_BUILD_DIR}/${UNLOCALIZED_RESOURCES_FOLDER_PATH}",
			);
			runOnlyForDeploymentPostprocessing = 0;
			shellPath = /bin/sh;
			shellScript = "\"${SRCROOT}/Pods/Target Support Files/Pods-Flatico/Pods-Flatico-resources.sh\"\n";
			showEnvVarsInLog = 0;
		};
		C18E860AC5677B5BA5D7D7E7 /* [CP] Embed Pods Frameworks */ = {
			isa = PBXShellScriptBuildPhase;
			buildActionMask = 2147483647;
			files = (
			);
			inputPaths = (
				"${SRCROOT}/Pods/Target Support Files/Pods-Flatico/Pods-Flatico-frameworks.sh",
				"${BUILT_PRODUCTS_DIR}/Alamofire/Alamofire.framework",
			);
			name = "[CP] Embed Pods Frameworks";
			outputPaths = (
				"${TARGET_BUILD_DIR}/${FRAMEWORKS_FOLDER_PATH}/Alamofire.framework",
			);
			runOnlyForDeploymentPostprocessing = 0;
			shellPath = /bin/sh;
			shellScript = "\"${SRCROOT}/Pods/Target Support Files/Pods-Flatico/Pods-Flatico-frameworks.sh\"\n";
			showEnvVarsInLog = 0;
		};
/* End PBXShellScriptBuildPhase section */

/* Begin PBXSourcesBuildPhase section */
		924F8475205465A30076436C /* Sources */ = {
			isa = PBXSourcesBuildPhase;
			buildActionMask = 2147483647;
			files = (
				92151F902055195100A2B153 /* LottieAnimationViewController.swift in Sources */,
				924F847F205465A30076436C /* MapViewController.swift in Sources */,
				924F847D205465A30076436C /* AppDelegate.swift in Sources */,
				92151F8E20550DA400A2B153 /* QuestionsViewController.swift in Sources */,
				924F849120546DB10076436C /* StartViewController.swift in Sources */,
			);
			runOnlyForDeploymentPostprocessing = 0;
		};
/* End PBXSourcesBuildPhase section */

/* Begin PBXVariantGroup section */
		924F8480205465A30076436C /* Main.storyboard */ = {
			isa = PBXVariantGroup;
			children = (
				924F8481205465A30076436C /* Base */,
			);
			name = Main.storyboard;
			sourceTree = "<group>";
		};
		924F8485205465A30076436C /* LaunchScreen.storyboard */ = {
			isa = PBXVariantGroup;
			children = (
				924F8486205465A30076436C /* Base */,
			);
			name = LaunchScreen.storyboard;
			sourceTree = "<group>";
		};
/* End PBXVariantGroup section */

/* Begin XCBuildConfiguration section */
		924F8489205465A30076436C /* Debug */ = {
			isa = XCBuildConfiguration;
			buildSettings = {
				ALWAYS_SEARCH_USER_PATHS = NO;
				CLANG_ANALYZER_NONNULL = YES;
				CLANG_ANALYZER_NUMBER_OBJECT_CONVERSION = YES_AGGRESSIVE;
				CLANG_CXX_LANGUAGE_STANDARD = "gnu++14";
				CLANG_CXX_LIBRARY = "libc++";
				CLANG_ENABLE_MODULES = YES;
				CLANG_ENABLE_OBJC_ARC = YES;
				CLANG_WARN_BLOCK_CAPTURE_AUTORELEASING = YES;
				CLANG_WARN_BOOL_CONVERSION = YES;
				CLANG_WARN_COMMA = YES;
				CLANG_WARN_CONSTANT_CONVERSION = YES;
				CLANG_WARN_DIRECT_OBJC_ISA_USAGE = YES_ERROR;
				CLANG_WARN_DOCUMENTATION_COMMENTS = YES;
				CLANG_WARN_EMPTY_BODY = YES;
				CLANG_WARN_ENUM_CONVERSION = YES;
				CLANG_WARN_INFINITE_RECURSION = YES;
				CLANG_WARN_INT_CONVERSION = YES;
				CLANG_WARN_NON_LITERAL_NULL_CONVERSION = YES;
				CLANG_WARN_OBJC_LITERAL_CONVERSION = YES;
				CLANG_WARN_OBJC_ROOT_CLASS = YES_ERROR;
				CLANG_WARN_RANGE_LOOP_ANALYSIS = YES;
				CLANG_WARN_STRICT_PROTOTYPES = YES;
				CLANG_WARN_SUSPICIOUS_MOVE = YES;
				CLANG_WARN_UNGUARDED_AVAILABILITY = YES_AGGRESSIVE;
				CLANG_WARN_UNREACHABLE_CODE = YES;
				CLANG_WARN__DUPLICATE_METHOD_MATCH = YES;
				CODE_SIGN_IDENTITY = "iPhone Developer";
				COPY_PHASE_STRIP = NO;
				DEBUG_INFORMATION_FORMAT = dwarf;
				ENABLE_STRICT_OBJC_MSGSEND = YES;
				ENABLE_TESTABILITY = YES;
				GCC_C_LANGUAGE_STANDARD = gnu11;
				GCC_DYNAMIC_NO_PIC = NO;
				GCC_NO_COMMON_BLOCKS = YES;
				GCC_OPTIMIZATION_LEVEL = 0;
				GCC_PREPROCESSOR_DEFINITIONS = (
					"DEBUG=1",
					"$(inherited)",
				);
				GCC_WARN_64_TO_32_BIT_CONVERSION = YES;
				GCC_WARN_ABOUT_RETURN_TYPE = YES_ERROR;
				GCC_WARN_UNDECLARED_SELECTOR = YES;
				GCC_WARN_UNINITIALIZED_AUTOS = YES_AGGRESSIVE;
				GCC_WARN_UNUSED_FUNCTION = YES;
				GCC_WARN_UNUSED_VARIABLE = YES;
				IPHONEOS_DEPLOYMENT_TARGET = 11.2;
				MTL_ENABLE_DEBUG_INFO = YES;
				ONLY_ACTIVE_ARCH = YES;
				SDKROOT = iphoneos;
				SWIFT_ACTIVE_COMPILATION_CONDITIONS = DEBUG;
				SWIFT_OPTIMIZATION_LEVEL = "-Onone";
			};
			name = Debug;
		};
		924F848A205465A30076436C /* Release */ = {
			isa = XCBuildConfiguration;
			buildSettings = {
				ALWAYS_SEARCH_USER_PATHS = NO;
				CLANG_ANALYZER_NONNULL = YES;
				CLANG_ANALYZER_NUMBER_OBJECT_CONVERSION = YES_AGGRESSIVE;
				CLANG_CXX_LANGUAGE_STANDARD = "gnu++14";
				CLANG_CXX_LIBRARY = "libc++";
				CLANG_ENABLE_MODULES = YES;
				CLANG_ENABLE_OBJC_ARC = YES;
				CLANG_WARN_BLOCK_CAPTURE_AUTORELEASING = YES;
				CLANG_WARN_BOOL_CONVERSION = YES;
				CLANG_WARN_COMMA = YES;
				CLANG_WARN_CONSTANT_CONVERSION = YES;
				CLANG_WARN_DIRECT_OBJC_ISA_USAGE = YES_ERROR;
				CLANG_WARN_DOCUMENTATION_COMMENTS = YES;
				CLANG_WARN_EMPTY_BODY = YES;
				CLANG_WARN_ENUM_CONVERSION = YES;
				CLANG_WARN_INFINITE_RECURSION = YES;
				CLANG_WARN_INT_CONVERSION = YES;
				CLANG_WARN_NON_LITERAL_NULL_CONVERSION = YES;
				CLANG_WARN_OBJC_LITERAL_CONVERSION = YES;
				CLANG_WARN_OBJC_ROOT_CLASS = YES_ERROR;
				CLANG_WARN_RANGE_LOOP_ANALYSIS = YES;
				CLANG_WARN_STRICT_PROTOTYPES = YES;
				CLANG_WARN_SUSPICIOUS_MOVE = YES;
				CLANG_WARN_UNGUARDED_AVAILABILITY = YES_AGGRESSIVE;
				CLANG_WARN_UNREACHABLE_CODE = YES;
				CLANG_WARN__DUPLICATE_METHOD_MATCH = YES;
				CODE_SIGN_IDENTITY = "iPhone Developer";
				COPY_PHASE_STRIP = NO;
				DEBUG_INFORMATION_FORMAT = "dwarf-with-dsym";
				ENABLE_NS_ASSERTIONS = NO;
				ENABLE_STRICT_OBJC_MSGSEND = YES;
				GCC_C_LANGUAGE_STANDARD = gnu11;
				GCC_NO_COMMON_BLOCKS = YES;
				GCC_WARN_64_TO_32_BIT_CONVERSION = YES;
				GCC_WARN_ABOUT_RETURN_TYPE = YES_ERROR;
				GCC_WARN_UNDECLARED_SELECTOR = YES;
				GCC_WARN_UNINITIALIZED_AUTOS = YES_AGGRESSIVE;
				GCC_WARN_UNUSED_FUNCTION = YES;
				GCC_WARN_UNUSED_VARIABLE = YES;
				IPHONEOS_DEPLOYMENT_TARGET = 11.2;
				MTL_ENABLE_DEBUG_INFO = NO;
				SDKROOT = iphoneos;
				SWIFT_OPTIMIZATION_LEVEL = "-Owholemodule";
				VALIDATE_PRODUCT = YES;
			};
			name = Release;
		};
		924F848C205465A30076436C /* Debug */ = {
			isa = XCBuildConfiguration;
			baseConfigurationReference = 86F265346E6B9EB7F86BCE9C /* Pods-Flatico.debug.xcconfig */;
			buildSettings = {
				ASSETCATALOG_COMPILER_APPICON_NAME = AppIcon;
				CODE_SIGN_STYLE = Automatic;
				DEVELOPMENT_TEAM = 4685UZJP77;
				INFOPLIST_FILE = Flatico/Info.plist;
				LD_RUNPATH_SEARCH_PATHS = "$(inherited) @executable_path/Frameworks";
				PRODUCT_BUNDLE_IDENTIFIER = "Anthony-Marchenko.Flatico";
				PRODUCT_NAME = "$(TARGET_NAME)";
				SWIFT_VERSION = 4.0;
				TARGETED_DEVICE_FAMILY = "1,2";
			};
			name = Debug;
		};
		924F848D205465A30076436C /* Release */ = {
			isa = XCBuildConfiguration;
			baseConfigurationReference = E0EEB30C0A31A7D0E52894F7 /* Pods-Flatico.release.xcconfig */;
			buildSettings = {
				ASSETCATALOG_COMPILER_APPICON_NAME = AppIcon;
				CODE_SIGN_STYLE = Automatic;
				DEVELOPMENT_TEAM = 4685UZJP77;
				INFOPLIST_FILE = Flatico/Info.plist;
				LD_RUNPATH_SEARCH_PATHS = "$(inherited) @executable_path/Frameworks";
				PRODUCT_BUNDLE_IDENTIFIER = "Anthony-Marchenko.Flatico";
				PRODUCT_NAME = "$(TARGET_NAME)";
				SWIFT_VERSION = 4.0;
				TARGETED_DEVICE_FAMILY = "1,2";
			};
			name = Release;
		};
/* End XCBuildConfiguration section */

/* Begin XCConfigurationList section */
		924F8474205465A30076436C /* Build configuration list for PBXProject "Flatico" */ = {
			isa = XCConfigurationList;
			buildConfigurations = (
				924F8489205465A30076436C /* Debug */,
				924F848A205465A30076436C /* Release */,
			);
			defaultConfigurationIsVisible = 0;
			defaultConfigurationName = Release;
		};
		924F848B205465A30076436C /* Build configuration list for PBXNativeTarget "Flatico" */ = {
			isa = XCConfigurationList;
			buildConfigurations = (
				924F848C205465A30076436C /* Debug */,
				924F848D205465A30076436C /* Release */,
			);
			defaultConfigurationIsVisible = 0;
			defaultConfigurationName = Release;
		};
/* End XCConfigurationList section */
	};
	rootObject = 924F8471205465A30076436C /* Project object */;
}
